
Microsoft Visual Studio Solution File, Format Version 12.00
# Visual Studio 15
VisualStudioVersion = 15.0.28307.421
MinimumVisualStudioVersion = 10.0.40219.1
Project("{FAE04EC0-301F-11D3-BF4B-00C04F79EFBC}") = "Vidly2020", "Vidly2020\Vidly2020.csproj", "{E13CDC3C-B2F4-4111-990B-23007E0E2341}"
EndProject
Global
	GlobalSection(SolutionConfigurationPlatforms) = preSolution
		Debug|Any CPU = Debug|Any CPU
		Release|Any CPU = Release|Any CPU
	EndGlobalSection
	GlobalSection(ProjectConfigurationPlatforms) = postSolution
		{E13CDC3C-B2F4-4111-990B-23007E0E2341}.Debug|Any CPU.ActiveCfg = Debug|Any CPU
		{E13CDC3C-B2F4-4111-990B-23007E0E2341}.Debug|Any CPU.Build.0 = Debug|Any CPU
		{E13CDC3C-B2F4-4111-990B-23007E0E2341}.Release|Any CPU.ActiveCfg = Release|Any CPU
		{E13CDC3C-B2F4-4111-990B-23007E0E2341}.Release|Any CPU.Build.0 = Release|Any CPU
	EndGlobalSection
	GlobalSection(SolutionProperties) = preSolution
		HideSolutionNode = FALSE
	EndGlobalSection
	GlobalSection(ExtensibilityGlobals) = postSolution
		SolutionGuid = {0FA5A6D3-0CF4-4865-812E-965A8B53B8A9}
	EndGlobalSection
EndGlobal
